<?xml version="1.0" encoding="utf-8"?>
<Project ToolsVersion="4.0" xmlns="http://schemas.microsoft.com/developer/msbuild/2003">
  <ItemGroup>
    <Filter Include="Launcher Core">
      <UniqueIdentifier>{36bc5e21-0da3-4252-bed5-890912ad5c6e}</UniqueIdentifier>
    </Filter>
  </ItemGroup>
  <ItemGroup>
    <ClCompile Include="main.cpp">
      <Filter>Launcher Core</Filter>
    </ClCompile>
    <ClCompile Include="GameLoop.cpp" />
  </ItemGroup>
  <ItemGroup>
    <None Include="ClassDiagram1.cd" />
  </ItemGroup>
  <ItemGroup>
    <ClInclude Include="GameLoop.h" />
  </ItemGroup>
</Project>