<?xml version="1.0" encoding="utf-8"?>
<Project ToolsVersion="4.0" xmlns="http://schemas.microsoft.com/developer/msbuild/2003">
  <ItemGroup>
    <Filter Include="Core">
      <UniqueIdentifier>{bf963a45-3dc2-4c79-90f5-f252e9d08a3b}</UniqueIdentifier>
    </Filter>
    <Filter Include="Database">
      <UniqueIdentifier>{431f0cd1-fc82-4dc1-ac6e-c4d8122842b8}</UniqueIdentifier>
    </Filter>
    <Filter Include="Map">
      <UniqueIdentifier>{a9219d95-08d3-40c0-acdd-7e5a297e1a5d}</UniqueIdentifier>
    </Filter>
    <Filter Include="Database\Map">
      <UniqueIdentifier>{3fb00fff-57bf-4cf3-80a6-517ecf3edd9b}</UniqueIdentifier>
    </Filter>
    <Filter Include="Database\IO">
      <UniqueIdentifier>{3229efed-d3f8-4a07-9842-eb6e708c0780}</UniqueIdentifier>
    </Filter>
    <Filter Include="Game">
      <UniqueIdentifier>{df8be9c5-f984-4911-8721-a30152142705}</UniqueIdentifier>
    </Filter>
    <Filter Include="Game\Scene">
      <UniqueIdentifier>{31d97a38-a802-46d7-b54a-b183c5072188}</UniqueIdentifier>
    </Filter>
    <Filter Include="Map\Tiles">
      <UniqueIdentifier>{ccb885bc-9232-4f8b-a7c1-f110bbcfabec}</UniqueIdentifier>
    </Filter>
    <Filter Include="Map\Tiles\AutoTiles">
      <UniqueIdentifier>{dcf521e5-0af4-42f0-ae22-4c34a68b66ef}</UniqueIdentifier>
    </Filter>
    <Filter Include="Map\MapObjects">
      <UniqueIdentifier>{42e367d7-7966-43f9-bccf-dbdf54b71d3a}</UniqueIdentifier>
    </Filter>
    <Filter Include="Game\Player">
      <UniqueIdentifier>{fd95caed-fe41-48ae-83e4-bf8a5dce356f}</UniqueIdentifier>
    </Filter>
    <Filter Include="Core\KeyInput">
      <UniqueIdentifier>{b49eb0ea-5af5-487a-a837-fd420f2691fd}</UniqueIdentifier>
    </Filter>
    <Filter Include="Game\Scene\ObjectAnimation">
      <UniqueIdentifier>{cb9f51f7-c22c-4f96-bd26-22878a5d4201}</UniqueIdentifier>
    </Filter>
    <Filter Include="Map\IO">
      <UniqueIdentifier>{62360327-8a3b-4849-b41c-355c258ba063}</UniqueIdentifier>
    </Filter>
    <Filter Include="Map\Brush">
      <UniqueIdentifier>{60670c74-fe47-464a-8eba-122efbaa7520}</UniqueIdentifier>
    </Filter>
  </ItemGroup>
  <ItemGroup>
    <ClCompile Include="..\Simple2D-GameEditor\include\Game.cpp">
      <Filter>Game</Filter>
    </ClCompile>
    <ClCompile Include="..\Simple2D-GameEditor\include\Color.cpp">
      <Filter>Core</Filter>
    </ClCompile>
    <ClCompile Include="..\Simple2D-GameEditor\include\DatabasePrototypes.cpp">
      <Filter>Database</Filter>
    </ClCompile>
    <ClCompile Include="..\Simple2D-GameEditor\include\Logfile.cpp">
      <Filter>Core</Filter>
    </ClCompile>
    <ClCompile Include="..\Simple2D-GameEditor\include\MapDatabase.cpp">
      <Filter>Database\Map</Filter>
    </ClCompile>
    <ClCompile Include="..\Simple2D-GameEditor\include\MapGrid.cpp">
      <Filter>Map</Filter>
    </ClCompile>
    <ClCompile Include="..\Simple2D-GameEditor\include\WorldObject.cpp">
      <Filter>Map\MapObjects</Filter>
    </ClCompile>
    <ClCompile Include="..\Simple2D-GameEditor\include\DatabaseMgr.cpp">
      <Filter>Database</Filter>
    </ClCompile>
    <ClCompile Include="GameWindow.cpp">
      <Filter>Game</Filter>
    </ClCompile>
    <ClCompile Include="SceneMgr.cpp">
      <Filter>Game\Scene</Filter>
    </ClCompile>
    <ClCompile Include="GameScene.cpp">
      <Filter>Game\Scene</Filter>
    </ClCompile>
    <ClCompile Include="Map.cpp">
      <Filter>Map</Filter>
    </ClCompile>
    <ClCompile Include="MapLayer.cpp">
      <Filter>Map</Filter>
    </ClCompile>
    <ClCompile Include="AutoTile.cpp">
      <Filter>Map\Tiles\AutoTiles</Filter>
    </ClCompile>
    <ClCompile Include="AutoTileCache.cpp">
      <Filter>Map\Tiles\AutoTiles</Filter>
    </ClCompile>
    <ClCompile Include="TileCache.cpp">
      <Filter>Map\Tiles</Filter>
    </ClCompile>
    <ClCompile Include="Scene.cpp">
      <Filter>Game\Scene</Filter>
    </ClCompile>
    <ClCompile Include="MapMgr.cpp">
      <Filter>Map</Filter>
    </ClCompile>
    <ClCompile Include="TransformationHolder.cpp">
      <Filter>Core</Filter>
    </ClCompile>
    <ClCompile Include="DynamicObject.cpp">
      <Filter>Map\MapObjects</Filter>
    </ClCompile>
    <ClCompile Include="Player.cpp">
      <Filter>Game\Player</Filter>
    </ClCompile>
    <ClCompile Include="Keyboard.cpp">
      <Filter>Core\KeyInput</Filter>
    </ClCompile>
    <ClCompile Include="Player_Game.cpp">
      <Filter>Game\Player</Filter>
    </ClCompile>
    <ClCompile Include="AnimationHolder.cpp">
      <Filter>Map\MapObjects</Filter>
    </ClCompile>
    <ClCompile Include="ObjectAnimationWidget.cpp">
      <Filter>Map\MapObjects</Filter>
    </ClCompile>
    <ClCompile Include="Camera.cpp">
      <Filter>Game\Player</Filter>
    </ClCompile>
    <ClCompile Include="Entity.cpp">
      <Filter>Core</Filter>
    </ClCompile>
    <ClCompile Include="Object.cpp">
      <Filter>Map\MapObjects</Filter>
    </ClCompile>
    <ClCompile Include="PrototypeParser.cpp">
      <Filter>Database\IO</Filter>
    </ClCompile>
    <ClCompile Include="MapBinaryIO.cpp">
      <Filter>Map\IO</Filter>
    </ClCompile>
    <ClCompile Include="Database.cpp">
      <Filter>Database</Filter>
    </ClCompile>
    <ClCompile Include="DatabasePrototypesIO.cpp">
      <Filter>Database\IO</Filter>
    </ClCompile>
    <ClCompile Include="Config.cpp">
      <Filter>Core</Filter>
    </ClCompile>
    <ClCompile Include="IniParser.cpp">
      <Filter>Core</Filter>
    </ClCompile>
    <ClCompile Include="MapData.cpp">
      <Filter>Map\IO</Filter>
    </ClCompile>
    <ClCompile Include="Brush.cpp">
      <Filter>Map\Brush</Filter>
    </ClCompile>
    <ClCompile Include="RevertInfo.cpp">
      <Filter>Map\Brush</Filter>
    </ClCompile>
  </ItemGroup>
  <ItemGroup>
    <ClInclude Include="..\Simple2D-GameEditor\include\Application.h">
      <Filter>Game</Filter>
    </ClInclude>
    <ClInclude Include="..\Simple2D-GameEditor\include\Game.h">
      <Filter>Game</Filter>
    </ClInclude>
    <ClInclude Include="..\Simple2D-GameEditor\include\Color.h">
      <Filter>Core</Filter>
    </ClInclude>
    <ClInclude Include="..\Simple2D-GameEditor\include\Database.h">
      <Filter>Database</Filter>
    </ClInclude>
    <ClInclude Include="..\Simple2D-GameEditor\include\DatabasePrototypes.h">
      <Filter>Database</Filter>
    </ClInclude>
    <ClInclude Include="..\Simple2D-GameEditor\include\Logfile.h">
      <Filter>Core</Filter>
    </ClInclude>
    <ClInclude Include="..\Simple2D-GameEditor\include\MapDatabase.h">
      <Filter>Database\Map</Filter>
    </ClInclude>
    <ClInclude Include="..\Simple2D-GameEditor\include\MapGrid.h">
      <Filter>Map</Filter>
    </ClInclude>
    <ClInclude Include="..\Simple2D-GameEditor\include\WorldObject.h">
      <Filter>Map\MapObjects</Filter>
    </ClInclude>
    <ClInclude Include="QtGlobal.h">
      <Filter>Core</Filter>
    </ClInclude>
    <ClInclude Include="..\Simple2D-GameEditor\include\DatabaseMgr.h">
      <Filter>Database</Filter>
    </ClInclude>
    <ClInclude Include="GameWindow.h">
      <Filter>Game</Filter>
    </ClInclude>
    <ClInclude Include="Scene.h">
      <Filter>Game\Scene</Filter>
    </ClInclude>
    <ClInclude Include="SceneMgr.h">
      <Filter>Game\Scene</Filter>
    </ClInclude>
    <ClInclude Include="GameScene.h">
      <Filter>Game\Scene</Filter>
    </ClInclude>
    <ClInclude Include="Map.h">
      <Filter>Map</Filter>
    </ClInclude>
    <ClInclude Include="MapLayer.h">
      <Filter>Map</Filter>
    </ClInclude>
    <ClInclude Include="Manager.h">
      <Filter>Core</Filter>
    </ClInclude>
    <ClInclude Include="AutoTile.h">
      <Filter>Map\Tiles\AutoTiles</Filter>
    </ClInclude>
    <ClInclude Include="AutoTileCache.h">
      <Filter>Map\Tiles\AutoTiles</Filter>
    </ClInclude>
    <ClInclude Include="TileCache.h">
      <Filter>Map\Tiles</Filter>
    </ClInclude>
    <ClInclude Include="MapMgr.h">
      <Filter>Map</Filter>
    </ClInclude>
    <ClInclude Include="TransformationHolder.h">
      <Filter>Core</Filter>
    </ClInclude>
    <ClInclude Include="DynamicObject.h">
      <Filter>Map\MapObjects</Filter>
    </ClInclude>
    <ClInclude Include="Player.h">
      <Filter>Game\Player</Filter>
    </ClInclude>
    <ClInclude Include="Keyboard.h">
      <Filter>Core\KeyInput</Filter>
    </ClInclude>
    <ClInclude Include="Player_Game.h">
      <Filter>Game\Player</Filter>
    </ClInclude>
    <ClInclude Include="AnimationHolder.h">
      <Filter>Map\MapObjects</Filter>
    </ClInclude>
    <ClInclude Include="ObjectAnimationWidget.h">
      <Filter>Map\MapObjects</Filter>
    </ClInclude>
    <ClInclude Include="Camera.h">
      <Filter>Game\Player</Filter>
    </ClInclude>
    <ClInclude Include="Entity.h">
      <Filter>Core</Filter>
    </ClInclude>
    <ClInclude Include="Object.h">
      <Filter>Map\MapObjects</Filter>
    </ClInclude>
    <ClInclude Include="PrototypeParser.h">
      <Filter>Database\IO</Filter>
    </ClInclude>
    <ClInclude Include="Database_IO.h">
      <Filter>Database\IO</Filter>
    </ClInclude>
    <ClInclude Include="MapBinaryIO.h">
      <Filter>Map\IO</Filter>
    </ClInclude>
    <ClInclude Include="DelayedDeleteObject.h">
      <Filter>Core</Filter>
    </ClInclude>
    <ClInclude Include="Config.h">
      <Filter>Core</Filter>
    </ClInclude>
    <ClInclude Include="IniParser.h">
      <Filter>Core</Filter>
    </ClInclude>
    <ClInclude Include="MapData.h">
      <Filter>Map\IO</Filter>
    </ClInclude>
    <ClInclude Include="Brush.h">
      <Filter>Map\Brush</Filter>
    </ClInclude>
    <ClInclude Include="RevertInfo.h">
      <Filter>Map\Brush</Filter>
    </ClInclude>
  </ItemGroup>
  <ItemGroup>
    <None Include="ClassDiagram.cd" />
  </ItemGroup>
</Project>