<?xml version="1.0" encoding="utf-8"?>
<Project ToolsVersion="4.0" xmlns="http://schemas.microsoft.com/developer/msbuild/2003">
  <ItemGroup>
    <Filter Include="Core">
      <UniqueIdentifier>{bf963a45-3dc2-4c79-90f5-f252e9d08a3b}</UniqueIdentifier>
    </Filter>
    <Filter Include="Database">
      <UniqueIdentifier>{431f0cd1-fc82-4dc1-ac6e-c4d8122842b8}</UniqueIdentifier>
    </Filter>
    <Filter Include="Map">
      <UniqueIdentifier>{a9219d95-08d3-40c0-acdd-7e5a297e1a5d}</UniqueIdentifier>
    </Filter>
    <Filter Include="Database\Map">
      <UniqueIdentifier>{3fb00fff-57bf-4cf3-80a6-517ecf3edd9b}</UniqueIdentifier>
    </Filter>
    <Filter Include="Database\IO">
      <UniqueIdentifier>{3229efed-d3f8-4a07-9842-eb6e708c0780}</UniqueIdentifier>
    </Filter>
    <Filter Include="Map\IO">
      <UniqueIdentifier>{62360327-8a3b-4849-b41c-355c258ba063}</UniqueIdentifier>
    </Filter>
    <Filter Include="Map\Brush">
      <UniqueIdentifier>{60670c74-fe47-464a-8eba-122efbaa7520}</UniqueIdentifier>
    </Filter>
    <Filter Include="Map\Exceptions">
      <UniqueIdentifier>{e40ea107-eada-4748-9718-aebc4acbc1f8}</UniqueIdentifier>
    </Filter>
    <Filter Include="Map\Layer">
      <UniqueIdentifier>{8856bb87-df12-4ee8-9728-702f242ad745}</UniqueIdentifier>
    </Filter>
    <Filter Include="Database\Protoype">
      <UniqueIdentifier>{daec07ea-9978-4057-b4b9-ff559e108e1d}</UniqueIdentifier>
    </Filter>
    <Filter Include="Database\Protoype\Modules">
      <UniqueIdentifier>{d6cf38e5-65e5-44b1-b2f8-4d52cb2ab0c6}</UniqueIdentifier>
    </Filter>
    <Filter Include="Map\Brush\Area">
      <UniqueIdentifier>{f1baa1fb-c374-4a20-a096-618e96d1ed9e}</UniqueIdentifier>
    </Filter>
    <Filter Include="Map\Brush\Type">
      <UniqueIdentifier>{ff18ba2a-600d-4f4f-8d97-d760a9518ee3}</UniqueIdentifier>
    </Filter>
    <Filter Include="Map\Brush\BrushFactory">
      <UniqueIdentifier>{979049b9-6edc-405b-82f6-e9c4833f9c3f}</UniqueIdentifier>
    </Filter>
    <Filter Include="Map\Brush\Revert">
      <UniqueIdentifier>{ae44bf70-50b9-4110-86ef-279d1258b33b}</UniqueIdentifier>
    </Filter>
    <Filter Include="Map\IO\WorldObjectInfo">
      <UniqueIdentifier>{339abe00-83dc-42c5-a6dc-94c671b07815}</UniqueIdentifier>
    </Filter>
    <Filter Include="Map\ScriptArea">
      <UniqueIdentifier>{6eac2946-fdd9-4657-9a61-d5ba5dfb3a55}</UniqueIdentifier>
    </Filter>
    <Filter Include="Core\Cache">
      <UniqueIdentifier>{05ee87d0-48ab-4728-85c0-6dc1165368b3}</UniqueIdentifier>
    </Filter>
    <Filter Include="Core\Cache\Tiles">
      <UniqueIdentifier>{18dc7a90-8bd5-40aa-adc4-5015abd490f1}</UniqueIdentifier>
    </Filter>
    <Filter Include="Core\Log">
      <UniqueIdentifier>{4994a2d4-1591-4228-b948-0f7b88a31822}</UniqueIdentifier>
    </Filter>
    <Filter Include="Map\ScriptArea\Action">
      <UniqueIdentifier>{a502cf94-8f26-424f-b096-5e92d23bbc06}</UniqueIdentifier>
    </Filter>
    <Filter Include="Map\ScriptArea\Area">
      <UniqueIdentifier>{8ee5ce9e-726d-42f9-8fc2-a851b5ba0c48}</UniqueIdentifier>
    </Filter>
    <Filter Include="Database new">
      <UniqueIdentifier>{e239e17c-bbb4-45e3-ba12-1cdbb17e0298}</UniqueIdentifier>
    </Filter>
    <Filter Include="Database new\Database">
      <UniqueIdentifier>{883e9dd1-9b36-49bd-a84a-4f7ef0ce6faf}</UniqueIdentifier>
    </Filter>
    <Filter Include="Database new\Protoype">
      <UniqueIdentifier>{558f9382-64c5-4a90-9eab-80af78886035}</UniqueIdentifier>
    </Filter>
    <Filter Include="Database new\Manager">
      <UniqueIdentifier>{95fe7002-98aa-4efc-ad85-da0018783dd1}</UniqueIdentifier>
    </Filter>
    <Filter Include="Animation">
      <UniqueIdentifier>{645c2c17-898a-4cd3-9a51-2bdc5b68439d}</UniqueIdentifier>
    </Filter>
    <Filter Include="Animation\Addition">
      <UniqueIdentifier>{72675a2b-1ad4-455e-a7e6-ee188a9cde13}</UniqueIdentifier>
    </Filter>
  </ItemGroup>
  <ItemGroup>
    <ClCompile Include="..\Simple2D-GameEditor\include\Color.cpp">
      <Filter>Core</Filter>
    </ClCompile>
    <ClCompile Include="MapBinaryIO.cpp">
      <Filter>Map\IO</Filter>
    </ClCompile>
    <ClCompile Include="Config.cpp">
      <Filter>Core</Filter>
    </ClCompile>
    <ClCompile Include="IniParser.cpp">
      <Filter>Core</Filter>
    </ClCompile>
    <ClCompile Include="MapData.cpp">
      <Filter>Map\IO</Filter>
    </ClCompile>
    <ClCompile Include="VisualViewer.cpp">
      <Filter>Core</Filter>
    </ClCompile>
    <ClCompile Include="MapException.cpp">
      <Filter>Map\Exceptions</Filter>
    </ClCompile>
    <ClCompile Include="MapLayer.cpp">
      <Filter>Map\Layer</Filter>
    </ClCompile>
    <ClCompile Include="PrototypeModuleManager.cpp">
      <Filter>Database\Protoype\Modules</Filter>
    </ClCompile>
    <ClCompile Include="PrototypeAnimationModule.cpp">
      <Filter>Database\Protoype\Modules</Filter>
    </ClCompile>
    <ClCompile Include="BrushAreaSingle.cpp">
      <Filter>Map\Brush\Area</Filter>
    </ClCompile>
    <ClCompile Include="BrushTypeTile.cpp">
      <Filter>Map\Brush\Type</Filter>
    </ClCompile>
    <ClCompile Include="BrushFactory.cpp">
      <Filter>Map\Brush\BrushFactory</Filter>
    </ClCompile>
    <ClCompile Include="Brush.cpp">
      <Filter>Map\Brush</Filter>
    </ClCompile>
    <ClCompile Include="BrushRevert.cpp">
      <Filter>Map\Brush\Revert</Filter>
    </ClCompile>
    <ClCompile Include="BrushAreaFill.cpp">
      <Filter>Map\Brush\Area</Filter>
    </ClCompile>
    <ClCompile Include="BrushType.cpp">
      <Filter>Map\Brush\Type</Filter>
    </ClCompile>
    <ClCompile Include="BrushArea.cpp">
      <Filter>Map\Brush\Area</Filter>
    </ClCompile>
    <ClCompile Include="BrushTypeAutoTile.cpp">
      <Filter>Map\Brush\Type</Filter>
    </ClCompile>
    <ClCompile Include="BrushTypeTileSet.cpp">
      <Filter>Map\Brush\Type</Filter>
    </ClCompile>
    <ClCompile Include="WorldObjectInfoData.cpp">
      <Filter>Map\IO\WorldObjectInfo</Filter>
    </ClCompile>
    <ClCompile Include="WorldObjectInfo.cpp">
      <Filter>Map\IO\WorldObjectInfo</Filter>
    </ClCompile>
    <ClCompile Include="QtGlobal.cpp">
      <Filter>Core</Filter>
    </ClCompile>
    <ClCompile Include="Core\Cache\Tiles.cpp">
      <Filter>Core\Cache\Tiles</Filter>
    </ClCompile>
    <ClCompile Include="Core\Cache\AutoTiles.cpp">
      <Filter>Core\Cache\Tiles</Filter>
    </ClCompile>
    <ClCompile Include="Core\Cache\Manager.cpp">
      <Filter>Core\Cache</Filter>
    </ClCompile>
    <ClCompile Include="ConsoleOutput.cpp">
      <Filter>Core\Log</Filter>
    </ClCompile>
    <ClCompile Include="Core\Cache\TileCacheInfo.cpp">
      <Filter>Core\Cache\Tiles</Filter>
    </ClCompile>
    <ClCompile Include="ScriptAreaActionData.cpp">
      <Filter>Map\ScriptArea\Action</Filter>
    </ClCompile>
    <ClCompile Include="ScriptAreaActions.cpp">
      <Filter>Map\ScriptArea\Action</Filter>
    </ClCompile>
    <ClCompile Include="ScriptAreaAreaData.cpp">
      <Filter>Map\ScriptArea\Area</Filter>
    </ClCompile>
    <ClCompile Include="ScriptAreaAreaRect.cpp">
      <Filter>Map\ScriptArea\Area</Filter>
    </ClCompile>
    <ClCompile Include="ScriptAreaManager.cpp">
      <Filter>Map\ScriptArea</Filter>
    </ClCompile>
    <ClCompile Include="ScriptAreaScriptArea.cpp">
      <Filter>Map\ScriptArea</Filter>
    </ClCompile>
    <ClCompile Include="ScriptAreaData.cpp">
      <Filter>Map\ScriptArea</Filter>
    </ClCompile>
    <ClCompile Include="DatabasePrototypeBase.cpp">
      <Filter>Database new\Protoype</Filter>
    </ClCompile>
    <ClCompile Include="DatabaseManager.cpp">
      <Filter>Database new\Manager</Filter>
    </ClCompile>
    <ClCompile Include="DatabasePrototypeDerived.cpp">
      <Filter>Database new\Protoype</Filter>
    </ClCompile>
    <ClCompile Include="DatabasePrototypeXML_Output.cpp">
      <Filter>Database new\Protoype</Filter>
    </ClCompile>
    <ClCompile Include="DatabasePrototypeXML_Input.cpp">
      <Filter>Database new\Protoype</Filter>
    </ClCompile>
    <ClCompile Include="MapViewScene.cpp">
      <Filter>Map</Filter>
    </ClCompile>
    <ClCompile Include="DatabasePrototypeCompare.cpp">
      <Filter>Database new\Protoype</Filter>
    </ClCompile>
    <ClCompile Include="AnimationAdditionScene.cpp">
      <Filter>Animation\Addition</Filter>
    </ClCompile>
    <ClCompile Include="AnimationAdditionItem.cpp">
      <Filter>Animation\Addition</Filter>
    </ClCompile>
    <ClCompile Include="AnimationFrameData.cpp">
      <Filter>Animation</Filter>
    </ClCompile>
    <ClCompile Include="AnimationSpriteData.cpp">
      <Filter>Animation</Filter>
    </ClCompile>
    <ClCompile Include="AnimationItemData.cpp">
      <Filter>Animation</Filter>
    </ClCompile>
    <ClCompile Include="AnimationAdditionData.cpp">
      <Filter>Animation</Filter>
    </ClCompile>
  </ItemGroup>
  <ItemGroup>
    <ClInclude Include="..\Simple2D-GameEditor\include\Color.h">
      <Filter>Core</Filter>
    </ClInclude>
    <ClInclude Include="QtGlobal.h">
      <Filter>Core</Filter>
    </ClInclude>
    <ClInclude Include="MapBinaryIO.h">
      <Filter>Map\IO</Filter>
    </ClInclude>
    <ClInclude Include="DelayedDeleteObject.h">
      <Filter>Core</Filter>
    </ClInclude>
    <ClInclude Include="Config.h">
      <Filter>Core</Filter>
    </ClInclude>
    <ClInclude Include="IniParser.h">
      <Filter>Core</Filter>
    </ClInclude>
    <ClInclude Include="MapData.h">
      <Filter>Map\IO</Filter>
    </ClInclude>
    <ClInclude Include="MapException.h">
      <Filter>Map\Exceptions</Filter>
    </ClInclude>
    <ClInclude Include="MapLayer.h">
      <Filter>Map\Layer</Filter>
    </ClInclude>
    <ClInclude Include="MapTile.h">
      <Filter>Map\Layer</Filter>
    </ClInclude>
    <ClInclude Include="PrototypeModuleManager.h">
      <Filter>Database\Protoype\Modules</Filter>
    </ClInclude>
    <ClInclude Include="PrototypeModule.h">
      <Filter>Database\Protoype\Modules</Filter>
    </ClInclude>
    <ClInclude Include="PrototypeAnimationModule.h">
      <Filter>Database\Protoype\Modules</Filter>
    </ClInclude>
    <ClInclude Include="MapViewScene.h">
      <Filter>Map</Filter>
    </ClInclude>
    <ClInclude Include="BrushAreaInterface.h">
      <Filter>Map\Brush\Area</Filter>
    </ClInclude>
    <ClInclude Include="BrushException.h">
      <Filter>Map\Brush</Filter>
    </ClInclude>
    <ClInclude Include="BrushAreaSingle.h">
      <Filter>Map\Brush\Area</Filter>
    </ClInclude>
    <ClInclude Include="BrushTypeInterface.h">
      <Filter>Map\Brush\Type</Filter>
    </ClInclude>
    <ClInclude Include="BrushTypeTile.h">
      <Filter>Map\Brush\Type</Filter>
    </ClInclude>
    <ClInclude Include="BrushInfo.h">
      <Filter>Map\Brush</Filter>
    </ClInclude>
    <ClInclude Include="BrushFactory.h">
      <Filter>Map\Brush\BrushFactory</Filter>
    </ClInclude>
    <ClInclude Include="Brush.h">
      <Filter>Map\Brush</Filter>
    </ClInclude>
    <ClInclude Include="BrushRevert.h">
      <Filter>Map\Brush\Revert</Filter>
    </ClInclude>
    <ClInclude Include="BrushArea.h">
      <Filter>Map\Brush\Area</Filter>
    </ClInclude>
    <ClInclude Include="BrushAreaFill.h">
      <Filter>Map\Brush\Area</Filter>
    </ClInclude>
    <ClInclude Include="BrushType.h">
      <Filter>Map\Brush\Type</Filter>
    </ClInclude>
    <ClInclude Include="BrushTypeAutoTile.h">
      <Filter>Map\Brush\Type</Filter>
    </ClInclude>
    <ClInclude Include="BrushTypeTileSet.h">
      <Filter>Map\Brush\Type</Filter>
    </ClInclude>
    <ClInclude Include="WorldObjectInfoData.h">
      <Filter>Map\IO\WorldObjectInfo</Filter>
    </ClInclude>
    <ClInclude Include="WorldObjectInfo.h">
      <Filter>Map\IO\WorldObjectInfo</Filter>
    </ClInclude>
    <ClInclude Include="RevertInterface.h">
      <Filter>Map\Brush\Revert</Filter>
    </ClInclude>
    <ClInclude Include="Core\Cache\Tiles.h">
      <Filter>Core\Cache\Tiles</Filter>
    </ClInclude>
    <ClInclude Include="Core\Cache\AutoTiles.h">
      <Filter>Core\Cache\Tiles</Filter>
    </ClInclude>
    <ClInclude Include="Core\Cache\TextureAtlas.h">
      <Filter>Core\Cache\Tiles</Filter>
    </ClInclude>
    <ClInclude Include="Core\Cache\TileCacheInfo.h">
      <Filter>Core\Cache\Tiles</Filter>
    </ClInclude>
    <ClInclude Include="Core\Cache\Manager.h">
      <Filter>Core\Cache</Filter>
    </ClInclude>
    <ClInclude Include="Simple2D-Global.h">
      <Filter>Core</Filter>
    </ClInclude>
    <ClInclude Include="ConsoleOutput.h">
      <Filter>Core\Log</Filter>
    </ClInclude>
    <ClInclude Include="Core\Cache\TileBase.h">
      <Filter>Core\Cache\Tiles</Filter>
    </ClInclude>
    <ClInclude Include="Map\ScriptArea\ActionInterface.h">
      <Filter>Map\ScriptArea\Action</Filter>
    </ClInclude>
    <ClInclude Include="Map\ScriptArea\Actions.h">
      <Filter>Map\ScriptArea\Action</Filter>
    </ClInclude>
    <ClInclude Include="Map\ScriptArea\ScriptArea.h">
      <Filter>Map\ScriptArea</Filter>
    </ClInclude>
    <ClInclude Include="Map\ScriptArea\AreaRect.h">
      <Filter>Map\ScriptArea\Area</Filter>
    </ClInclude>
    <ClInclude Include="Map\ScriptArea\AreaInterface.h">
      <Filter>Map\ScriptArea\Area</Filter>
    </ClInclude>
    <ClInclude Include="Map\ScriptArea\AreaBase.h">
      <Filter>Map\ScriptArea\Area</Filter>
    </ClInclude>
    <ClInclude Include="Map\ScriptArea\Manager.h">
      <Filter>Map\ScriptArea</Filter>
    </ClInclude>
    <ClInclude Include="Map\ScriptArea\ActionData.h">
      <Filter>Map\ScriptArea\Action</Filter>
    </ClInclude>
    <ClInclude Include="Map\ScriptArea\AreaData.h">
      <Filter>Map\ScriptArea\Area</Filter>
    </ClInclude>
    <ClInclude Include="Map\ScriptArea\Data.h">
      <Filter>Map\ScriptArea</Filter>
    </ClInclude>
    <ClInclude Include="Database\Base.h">
      <Filter>Database new\Database</Filter>
    </ClInclude>
    <ClInclude Include="Database\Interface.h">
      <Filter>Database new\Database</Filter>
    </ClInclude>
    <ClInclude Include="Database\Prototype\Base.h">
      <Filter>Database new\Protoype</Filter>
    </ClInclude>
    <ClInclude Include="Database\Manager.h">
      <Filter>Database new\Manager</Filter>
    </ClInclude>
    <ClInclude Include="Database\Prototype\Derived.h">
      <Filter>Database new\Protoype</Filter>
    </ClInclude>
    <ClInclude Include="Database\Derived.h">
      <Filter>Database new\Database</Filter>
    </ClInclude>
    <ClInclude Include="Database\Prototype\XML_Output.h">
      <Filter>Database new\Protoype</Filter>
    </ClInclude>
    <ClInclude Include="Database\Prototype\XML_Input.h">
      <Filter>Database new\Protoype</Filter>
    </ClInclude>
    <ClInclude Include="Database\XML_Input.h">
      <Filter>Database new\Database</Filter>
    </ClInclude>
    <ClInclude Include="Database\Merger.h">
      <Filter>Database new\Database</Filter>
    </ClInclude>
    <ClInclude Include="Database\Prototype\Compare.h">
      <Filter>Database new\Protoype</Filter>
    </ClInclude>
    <ClInclude Include="Database\XML_Output.h">
      <Filter>Database new\Database</Filter>
    </ClInclude>
    <ClInclude Include="Animation\addition\Item.h">
      <Filter>Animation\Addition</Filter>
    </ClInclude>
    <ClInclude Include="Animation\addition\Scene.h">
      <Filter>Animation\Addition</Filter>
    </ClInclude>
    <ClInclude Include="Animation\FrameData.h">
      <Filter>Animation</Filter>
    </ClInclude>
    <ClInclude Include="Animation\SpriteData.h">
      <Filter>Animation</Filter>
    </ClInclude>
    <ClInclude Include="Animation\ItemData.h">
      <Filter>Animation</Filter>
    </ClInclude>
    <ClInclude Include="Animation\AdditionData.h">
      <Filter>Animation</Filter>
    </ClInclude>
  </ItemGroup>
  <ItemGroup>
    <moc_header Include="VisualViewer.h">
      <Filter>Core</Filter>
    </moc_header>
  </ItemGroup>
</Project>