<?xml version="1.0" encoding="utf-8"?>
<Project ToolsVersion="4.0" xmlns="http://schemas.microsoft.com/developer/msbuild/2003">
  <ItemGroup>
    <Filter Include="EditorCore">
      <UniqueIdentifier>{b46099a1-d6ec-435a-8490-084e174b952f}</UniqueIdentifier>
    </Filter>
    <Filter Include="Map Editor">
      <UniqueIdentifier>{11e42f6e-fc88-4336-aabe-5b95f90ce14e}</UniqueIdentifier>
    </Filter>
    <Filter Include="Map Editor\Modules">
      <UniqueIdentifier>{79f2339d-1af3-4676-bcc8-735828510f43}</UniqueIdentifier>
    </Filter>
    <Filter Include="Map Editor\Modules\MapTree">
      <UniqueIdentifier>{30ee0638-634d-445b-951b-7f2f330bd35e}</UniqueIdentifier>
    </Filter>
    <Filter Include="Map Editor\Modules\Content">
      <UniqueIdentifier>{ce08afaa-fce3-4c3a-a217-3413bbc55b18}</UniqueIdentifier>
    </Filter>
    <Filter Include="Map Editor\Dialogs">
      <UniqueIdentifier>{8b227f75-d351-4d7c-ba05-8753a9a480dd}</UniqueIdentifier>
    </Filter>
    <Filter Include="Map Editor\Dialogs\MapEditorDialogMapSettings">
      <UniqueIdentifier>{5f85fa1e-3c62-42e0-92b4-8f2f9bdaa427}</UniqueIdentifier>
    </Filter>
    <Filter Include="EditorCore\GraphicsSpriteItem">
      <UniqueIdentifier>{fd3dee09-aa14-40a4-9620-dfa1fc68f21a}</UniqueIdentifier>
    </Filter>
    <Filter Include="Map Editor\Widgets">
      <UniqueIdentifier>{b9456fbd-31bc-4a86-8448-dd67e235a12a}</UniqueIdentifier>
    </Filter>
    <Filter Include="Map Editor\Widgets\MapEditor">
      <UniqueIdentifier>{ad64a3f6-1f23-4ed4-a90c-b17b231c793a}</UniqueIdentifier>
    </Filter>
    <Filter Include="EditorCore\DatabaseModel">
      <UniqueIdentifier>{fdb631f8-7510-4675-a444-b70f58c2eadb}</UniqueIdentifier>
    </Filter>
    <Filter Include="EditorCore\MainWindow">
      <UniqueIdentifier>{1a1fddbb-68fc-464a-9955-32bdc1d0cb79}</UniqueIdentifier>
    </Filter>
    <Filter Include="EditorCore\DeactivatedTab">
      <UniqueIdentifier>{cc76231e-7461-484b-8e76-67935d0c650c}</UniqueIdentifier>
    </Filter>
    <Filter Include="Map Editor\Widgets\Tools">
      <UniqueIdentifier>{8a040b4d-8e72-4eb0-9d18-e716753d5250}</UniqueIdentifier>
    </Filter>
    <Filter Include="Map Editor\Widgets\Tools\Brush">
      <UniqueIdentifier>{e558ed2b-bf3d-4d95-ae22-bb9d7ddb7e5b}</UniqueIdentifier>
    </Filter>
    <Filter Include="Map Editor\Widgets\Tools\WorldObject">
      <UniqueIdentifier>{2e4e8f22-21f1-465a-8ae8-d2fdea9d353f}</UniqueIdentifier>
    </Filter>
    <Filter Include="Map Editor\Modules\Content\Items">
      <UniqueIdentifier>{ce85aaef-470b-4e0e-ac2c-502ab7c82008}</UniqueIdentifier>
    </Filter>
    <Filter Include="Map Editor\Modules\MappingMode">
      <UniqueIdentifier>{567e8ddd-ee12-4b99-a638-b6fca692f0a9}</UniqueIdentifier>
    </Filter>
    <Filter Include="Map Editor\Modules\MappingMode\TileTabs">
      <UniqueIdentifier>{bad4bb08-2a1d-4fee-ab55-9f24e987469a}</UniqueIdentifier>
    </Filter>
    <Filter Include="Map Editor\Modules\MappingMode\TileTabs\Tiles">
      <UniqueIdentifier>{03aa08c8-2b2f-4fbb-bccb-b1acd26492bf}</UniqueIdentifier>
    </Filter>
    <Filter Include="Map Editor\Modules\MappingMode\Brush">
      <UniqueIdentifier>{3df57d72-18f0-4b1c-96db-af0c1afedba2}</UniqueIdentifier>
    </Filter>
    <Filter Include="Map Editor\Modules\MappingMode\MappingObject">
      <UniqueIdentifier>{46597533-0007-4e3f-b5d5-1cd22afbdf45}</UniqueIdentifier>
    </Filter>
    <Filter Include="Map Editor\Modules\MappingMode\MappingObject\MappingMode">
      <UniqueIdentifier>{2dcc81c1-1e0d-4112-92c0-6b1bc3cee911}</UniqueIdentifier>
    </Filter>
    <Filter Include="Map Editor\Modules\MappingMode\MappingObject\MappingMode\ObjectMapping">
      <UniqueIdentifier>{4ef08543-fe81-491b-9841-4994f1318592}</UniqueIdentifier>
    </Filter>
    <Filter Include="Map Editor\Modules\MappingMode\MappingObject\MappingMode\ObjectMapping\Revert">
      <UniqueIdentifier>{a189cbbd-72be-4f54-b120-3ef69cb1caae}</UniqueIdentifier>
    </Filter>
    <Filter Include="Map Editor\Modules\MappingMode\MappingObject\MappingMode\ScriptAreaMapping">
      <UniqueIdentifier>{a79af0c2-e6df-4230-a1ef-3a26514dede1}</UniqueIdentifier>
    </Filter>
    <Filter Include="Map Editor\Modules\MappingMode\MappingObject\MappingMode\ScriptAreaMapping\Revert">
      <UniqueIdentifier>{bd60fd7b-389f-4ccd-8680-d4119a2aa342}</UniqueIdentifier>
    </Filter>
    <Filter Include="Map Editor\Modules\MappingMode\ScriptArea">
      <UniqueIdentifier>{3a2e5587-102b-4073-9246-884eaefd712d}</UniqueIdentifier>
    </Filter>
    <Filter Include="Map Editor\Modules\MappingMode\WorldObject">
      <UniqueIdentifier>{ee79f19d-d553-4603-92ab-bc4e9aaec55c}</UniqueIdentifier>
    </Filter>
    <Filter Include="Map Editor\Modules\MappingMode\MappingObject\ContextMenu">
      <UniqueIdentifier>{7a2b73c9-5920-4ec8-a134-dba76f0c31e4}</UniqueIdentifier>
    </Filter>
    <Filter Include="EditorCore\TooltipList">
      <UniqueIdentifier>{330a79f6-6927-48fd-b591-21f174a1c2fb}</UniqueIdentifier>
    </Filter>
    <Filter Include="Database">
      <UniqueIdentifier>{22cde38a-3da2-46c5-a557-4048c318fea5}</UniqueIdentifier>
    </Filter>
    <Filter Include="Database\Dialog">
      <UniqueIdentifier>{9f112a55-5bd9-4f5c-880a-8647e3f26565}</UniqueIdentifier>
    </Filter>
    <Filter Include="Database\Dialog\Sections">
      <UniqueIdentifier>{4253c3a4-39c4-42d8-b260-48fcdc8577f3}</UniqueIdentifier>
    </Filter>
    <Filter Include="Database\Module">
      <UniqueIdentifier>{d8aecebd-8638-49de-9bed-8dcbc6ea01c5}</UniqueIdentifier>
    </Filter>
    <Filter Include="Database\Module\List">
      <UniqueIdentifier>{4c10c60b-cb00-4a05-823d-a6aef30aa38c}</UniqueIdentifier>
    </Filter>
    <Filter Include="Database\Module\Resize">
      <UniqueIdentifier>{7f7010f6-fba6-4a21-b843-5721c493cd74}</UniqueIdentifier>
    </Filter>
    <Filter Include="Database\Module\Prototype">
      <UniqueIdentifier>{5df7fbae-14d6-43c8-9ebf-fae72e3aa293}</UniqueIdentifier>
    </Filter>
    <Filter Include="Database\Module\Prototype\Base">
      <UniqueIdentifier>{bfe6dbbe-c92b-4b68-99d2-394a82dc8a5c}</UniqueIdentifier>
    </Filter>
    <Filter Include="Database\Module\Prototype\Resource">
      <UniqueIdentifier>{cdfe793b-46c8-49e4-812f-79b68451415b}</UniqueIdentifier>
    </Filter>
    <Filter Include="Database\Module\Prototype\Texture">
      <UniqueIdentifier>{f82703b3-e425-48c2-a4e6-705a3a5341b9}</UniqueIdentifier>
    </Filter>
    <Filter Include="Database\Dialog\Sections\Base">
      <UniqueIdentifier>{06471b2b-41b2-43f2-9e92-f65a35ca5e65}</UniqueIdentifier>
    </Filter>
    <Filter Include="Database\Module\MassImport">
      <UniqueIdentifier>{d0909c98-798a-4b03-a80b-a50db8964005}</UniqueIdentifier>
    </Filter>
    <Filter Include="Database\Dialog\Sections\Tile Section">
      <UniqueIdentifier>{f7533957-f410-4660-b8a3-5dc07c6ae1b7}</UniqueIdentifier>
    </Filter>
    <Filter Include="Database\Dialog\Sections\Tile Section\Tiles">
      <UniqueIdentifier>{d12c15c0-2f5a-446e-9655-64713763f6bd}</UniqueIdentifier>
    </Filter>
    <Filter Include="Database\Dialog\Sections\Tile Section\AutoTiles">
      <UniqueIdentifier>{b574b268-5acd-44a0-ba34-3079a74e63b2}</UniqueIdentifier>
    </Filter>
    <Filter Include="EditorCore\TileDropWidget">
      <UniqueIdentifier>{8217275a-7832-4892-bf7c-9bf83bc03b59}</UniqueIdentifier>
    </Filter>
    <Filter Include="EditorCore\Helpers">
      <UniqueIdentifier>{5a45909d-2fc0-485b-9206-fb7bd883b580}</UniqueIdentifier>
    </Filter>
    <Filter Include="EditorCore\Helpers\PixmapCreator">
      <UniqueIdentifier>{775487cf-b80c-4483-80a0-37b2d93c6bce}</UniqueIdentifier>
    </Filter>
    <Filter Include="Database\Dialog\Sections\Tile Section\TileSet">
      <UniqueIdentifier>{ed3ad1f0-519c-42b2-9ec9-0760c7f4f2cd}</UniqueIdentifier>
    </Filter>
    <Filter Include="Database\Dialog\Sections\WorldObject">
      <UniqueIdentifier>{fcd42449-4725-4fca-9b99-bf52d774be79}</UniqueIdentifier>
    </Filter>
    <Filter Include="Database\Module\Prototype\Tile Section">
      <UniqueIdentifier>{42a45e89-2a6a-4477-8151-26a998b11c2c}</UniqueIdentifier>
    </Filter>
    <Filter Include="Database\Module\Prototype\Tile Section\AutoTile">
      <UniqueIdentifier>{2525a6dd-6aea-42df-846a-2518472ac4ca}</UniqueIdentifier>
    </Filter>
    <Filter Include="Database\Module\Prototype\Tile Section\TileSet">
      <UniqueIdentifier>{6fd2fe6a-322d-41ba-b472-4883cf330777}</UniqueIdentifier>
    </Filter>
    <Filter Include="Database\Module\Prototype\Tile Section\Tile">
      <UniqueIdentifier>{112f6648-4a80-448b-b18d-fbb6678d4425}</UniqueIdentifier>
    </Filter>
    <Filter Include="Database\Module\Prototype\WorldObject Section">
      <UniqueIdentifier>{e8e1d70d-b6c9-4de4-bf64-f502afbe0a69}</UniqueIdentifier>
    </Filter>
    <Filter Include="Database\Dialog\Sections\Animation">
      <UniqueIdentifier>{7798f6f6-963b-4101-b140-79a6f22984d1}</UniqueIdentifier>
    </Filter>
    <Filter Include="Database\Dialog\Sections\Animation\Animation">
      <UniqueIdentifier>{c4567dce-43b8-4b33-9a25-217c0b3734fb}</UniqueIdentifier>
    </Filter>
    <Filter Include="Database\Dialog\Sections\Animation\AnimationAdditionType">
      <UniqueIdentifier>{289728d1-b266-4dca-baeb-f02a6815abde}</UniqueIdentifier>
    </Filter>
    <Filter Include="Database\Module\Prototype\Animation">
      <UniqueIdentifier>{583ba7a9-edec-42b2-a801-793c3efc2508}</UniqueIdentifier>
    </Filter>
    <Filter Include="Database\Module\Prototype\Animation\Animation">
      <UniqueIdentifier>{6a57426d-9e66-4a0c-b25e-1b472bb27d26}</UniqueIdentifier>
    </Filter>
    <Filter Include="Database\Module\Prototype\Animation\AnimationAddition">
      <UniqueIdentifier>{7effbce9-4c73-48bc-9b34-684b8e5f43ad}</UniqueIdentifier>
    </Filter>
    <Filter Include="Database\Module\Prototype\Animation\AnimationAdditionType">
      <UniqueIdentifier>{26bddfc8-8dc4-4b25-92e9-e683c55b6717}</UniqueIdentifier>
    </Filter>
    <Filter Include="Database\Module\Prototype\Animation\Sprite">
      <UniqueIdentifier>{83d74536-ff3b-41a9-8989-42e076b08d65}</UniqueIdentifier>
    </Filter>
    <Filter Include="Database\Dialog\Sections\Animation\Sprite">
      <UniqueIdentifier>{91dc3810-1680-4826-b836-54e105e9739c}</UniqueIdentifier>
    </Filter>
    <Filter Include="Database\Module\Prototype\Animation\AnimationAdditionPoint">
      <UniqueIdentifier>{2783489e-381c-4ea0-b210-aaaa2f5f062b}</UniqueIdentifier>
    </Filter>
    <Filter Include="Database\Module\Prototype\Animation\AnimationAdditionRect">
      <UniqueIdentifier>{67790588-5ab1-4de0-9d0b-793e29d47d63}</UniqueIdentifier>
    </Filter>
    <Filter Include="Database\Dialog\Sections\Animation\AnimationAdditionPoint">
      <UniqueIdentifier>{93a8c59e-bad7-44dd-8b84-7dcc281ec382}</UniqueIdentifier>
    </Filter>
    <Filter Include="Database\Module\Prototype\Animation\Modules">
      <UniqueIdentifier>{f809d062-01ed-40ea-ab7b-cac07a410dd1}</UniqueIdentifier>
    </Filter>
    <Filter Include="Database\Module\Prototype\Animation\Modules\FrameNavigation">
      <UniqueIdentifier>{8831f712-0003-44e4-a274-38b1d3f32225}</UniqueIdentifier>
    </Filter>
    <Filter Include="EditorCore\GraphicItems">
      <UniqueIdentifier>{b26c4835-e108-42e4-826a-943d77926c4d}</UniqueIdentifier>
    </Filter>
    <Filter Include="EditorCore\GraphicItems\CrossItem">
      <UniqueIdentifier>{8ce28be8-8fdf-4a0b-a739-7a7a5f2e6a10}</UniqueIdentifier>
    </Filter>
    <Filter Include="Database\Module\Prototype\Animation\Modules\SelectedItem">
      <UniqueIdentifier>{9061e435-8492-4391-bb9f-3bee5f80d1c7}</UniqueIdentifier>
    </Filter>
    <Filter Include="Database\Module\Prototype\Animation\Modules\SelectedItem\SelectedSprite">
      <UniqueIdentifier>{e2025b04-0db1-43dd-83dd-18ff570b7676}</UniqueIdentifier>
    </Filter>
    <Filter Include="Database\Module\Prototype\Animation\Modules\SelectedItem\SelectedAddition">
      <UniqueIdentifier>{7cef4317-e371-4f78-b7cd-afe58c2bf302}</UniqueIdentifier>
    </Filter>
  </ItemGroup>
  <ItemGroup>
    <ClCompile Include="MainWindow.cpp">
      <Filter>EditorCore\MainWindow</Filter>
    </ClCompile>
    <ClCompile Include="main.cpp">
      <Filter>EditorCore</Filter>
    </ClCompile>
    <ClCompile Include="Project.cpp">
      <Filter>EditorCore</Filter>
    </ClCompile>
    <ClCompile Include="MapEditorModuleTiles.cpp">
      <Filter>Map Editor\Modules\MappingMode\TileTabs\Tiles</Filter>
    </ClCompile>
    <ClCompile Include="TexturePrototypeFrame.cpp">
      <Filter>EditorCore</Filter>
    </ClCompile>
    <ClCompile Include="AbstractPrototypeTable.cpp">
      <Filter>Map Editor\Modules\MappingMode\TileTabs</Filter>
    </ClCompile>
    <ClCompile Include="MapEditorDialogMapSettings.cpp">
      <Filter>Map Editor\Dialogs\MapEditorDialogMapSettings</Filter>
    </ClCompile>
    <ClCompile Include="MapEditorModuleContent.cpp">
      <Filter>Map Editor\Modules\Content</Filter>
    </ClCompile>
    <ClCompile Include="MapEditorModuleMapTree.cpp">
      <Filter>Map Editor\Modules\MapTree</Filter>
    </ClCompile>
    <ClCompile Include="GraphicsTextureItem.cpp">
      <Filter>EditorCore\GraphicsSpriteItem</Filter>
    </ClCompile>
    <ClCompile Include="MapEditorWidgetBrush.cpp">
      <Filter>Map Editor\Widgets\Tools\Brush</Filter>
    </ClCompile>
    <ClCompile Include="MapEditorModuleBrush.cpp">
      <Filter>Map Editor\Modules\MappingMode\Brush</Filter>
    </ClCompile>
    <ClCompile Include="MapEditorModuleTileSelection.cpp">
      <Filter>Map Editor\Modules\MappingMode\TileTabs</Filter>
    </ClCompile>
    <ClCompile Include="MapEditorModuleWorldObjects.cpp">
      <Filter>Map Editor\Modules\MappingMode\WorldObject</Filter>
    </ClCompile>
    <ClCompile Include="MapEditorWidgetEditor.cpp">
      <Filter>Map Editor\Widgets\MapEditor</Filter>
    </ClCompile>
    <ClCompile Include="DeactivatedTabWidget.cpp">
      <Filter>EditorCore\DeactivatedTab</Filter>
    </ClCompile>
    <ClCompile Include="MappingObject.cpp">
      <Filter>Map Editor\Modules\MappingMode\MappingObject</Filter>
    </ClCompile>
    <ClCompile Include="TileMappingMode.cpp">
      <Filter>Map Editor\Modules\MappingMode\MappingObject\MappingMode</Filter>
    </ClCompile>
    <ClCompile Include="MapEditorWidgetObjectMapping.cpp">
      <Filter>Map Editor\Widgets\Tools\WorldObject</Filter>
    </ClCompile>
    <ClCompile Include="ToolWidget.cpp">
      <Filter>Map Editor\Widgets\Tools</Filter>
    </ClCompile>
    <ClCompile Include="ObjectMappingMode.cpp">
      <Filter>Map Editor\Modules\MappingMode\MappingObject\MappingMode\ObjectMapping</Filter>
    </ClCompile>
    <ClCompile Include="ObjectMappingRevert.cpp">
      <Filter>Map Editor\Modules\MappingMode\MappingObject\MappingMode\ObjectMapping\Revert</Filter>
    </ClCompile>
    <ClCompile Include="MapEditor.cpp">
      <Filter>Map Editor\Modules\Content</Filter>
    </ClCompile>
    <ClCompile Include="MapEditorScene.cpp">
      <Filter>Map Editor\Modules\Content</Filter>
    </ClCompile>
    <ClCompile Include="ScriptAreaMappingMode.cpp">
      <Filter>Map Editor\Modules\MappingMode\MappingObject\MappingMode\ScriptAreaMapping</Filter>
    </ClCompile>
    <ClCompile Include="WorldObjectItem.cpp">
      <Filter>Map Editor\Modules\Content\Items</Filter>
    </ClCompile>
    <ClCompile Include="ScriptAreaItem.cpp">
      <Filter>Map Editor\Modules\Content\Items</Filter>
    </ClCompile>
    <ClCompile Include="ScriptAreaMappingRevert.cpp">
      <Filter>Map Editor\Modules\MappingMode\MappingObject\MappingMode\ScriptAreaMapping\Revert</Filter>
    </ClCompile>
    <ClCompile Include="MapEditorModuleMappingMode.cpp">
      <Filter>Map Editor\Modules\MappingMode</Filter>
    </ClCompile>
    <ClCompile Include="MapEditorModuleScriptArea.cpp">
      <Filter>Map Editor\Modules\MappingMode\ScriptArea</Filter>
    </ClCompile>
    <ClCompile Include="MappingModeContextMenuAction.cpp">
      <Filter>Map Editor\Modules\MappingMode\MappingObject\ContextMenu</Filter>
    </ClCompile>
    <ClCompile Include="MapEditorModuleTileSets.cpp">
      <Filter>Map Editor\Modules\MappingMode\TileTabs\Tiles</Filter>
    </ClCompile>
    <ClCompile Include="TooltipList.cpp">
      <Filter>EditorCore\TooltipList</Filter>
    </ClCompile>
    <ClCompile Include="DatabaseModel.cpp">
      <Filter>EditorCore\DatabaseModel</Filter>
    </ClCompile>
    <ClCompile Include="EditorGlobal.cpp">
      <Filter>EditorCore</Filter>
    </ClCompile>
    <ClCompile Include="DatabaseDialog.cpp">
      <Filter>Database\Dialog</Filter>
    </ClCompile>
    <ClCompile Include="DatabaseModuleList.cpp">
      <Filter>Database\Module\List</Filter>
    </ClCompile>
    <ClCompile Include="DatabaseModuleResize.cpp">
      <Filter>Database\Module\Resize</Filter>
    </ClCompile>
    <ClCompile Include="DatabaseModulePrototypeBase.cpp">
      <Filter>Database\Module\Prototype\Base</Filter>
    </ClCompile>
    <ClCompile Include="DatabaseModulePrototypeResource.cpp">
      <Filter>Database\Module\Prototype\Resource</Filter>
    </ClCompile>
    <ClCompile Include="DatabaseModulePrototypeTexture.cpp">
      <Filter>Database\Module\Prototype\Texture</Filter>
    </ClCompile>
    <ClCompile Include="DatabaseModulePrototypeTile.cpp">
      <Filter>Database\Module\Prototype\Tile Section\Tile</Filter>
    </ClCompile>
    <ClCompile Include="DatabaseModuleMassImport.cpp">
      <Filter>Database\Module\MassImport</Filter>
    </ClCompile>
    <ClCompile Include="DatabaseSectionTile.cpp">
      <Filter>Database\Dialog\Sections\Tile Section\Tiles</Filter>
    </ClCompile>
    <ClCompile Include="DatabaseSectionAutoTile.cpp">
      <Filter>Database\Dialog\Sections\Tile Section\AutoTiles</Filter>
    </ClCompile>
    <ClCompile Include="DatabaseModulePrototypeAutoTile.cpp">
      <Filter>Database\Module\Prototype\Tile Section\AutoTile</Filter>
    </ClCompile>
    <ClCompile Include="TileDropWidget.cpp">
      <Filter>EditorCore\TileDropWidget</Filter>
    </ClCompile>
    <ClCompile Include="HelperTileCreator.cpp">
      <Filter>EditorCore\Helpers\PixmapCreator</Filter>
    </ClCompile>
    <ClCompile Include="PrototypeTooltipList.cpp">
      <Filter>EditorCore\TooltipList</Filter>
    </ClCompile>
    <ClCompile Include="DatabaseSectionTileSet.cpp">
      <Filter>Database\Dialog\Sections\Tile Section\TileSet</Filter>
    </ClCompile>
    <ClCompile Include="DatabaseModulePrototypeTileSet.cpp">
      <Filter>Database\Module\Prototype\Tile Section\TileSet</Filter>
    </ClCompile>
    <ClCompile Include="DatabaseSectionInterface.cpp">
      <Filter>Database\Dialog\Sections\Base</Filter>
    </ClCompile>
    <ClCompile Include="DatabaseModulePrototypeSprite.cpp">
      <Filter>Database\Module\Prototype\Animation\Sprite</Filter>
    </ClCompile>
    <ClCompile Include="DatabaseSectionSprite.cpp">
      <Filter>Database\Dialog\Sections\Animation\Sprite</Filter>
    </ClCompile>
    <ClCompile Include="DatabaseModulePrototypeAnimationAdditionType.cpp">
      <Filter>Database\Module\Prototype\Animation\AnimationAdditionType</Filter>
    </ClCompile>
    <ClCompile Include="DatabaseSectionAnimationAdditionType.cpp">
      <Filter>Database\Dialog\Sections\Animation\AnimationAdditionType</Filter>
    </ClCompile>
    <ClCompile Include="DatabaseSectionAnimation.cpp">
      <Filter>Database\Dialog\Sections\Animation\Animation</Filter>
    </ClCompile>
    <ClCompile Include="DatabaseModulePrototypeAnimationAddition.cpp">
      <Filter>Database\Module\Prototype\Animation\AnimationAddition</Filter>
    </ClCompile>
    <ClCompile Include="DatabaseModulePrototypeAnimation.cpp">
      <Filter>Database\Module\Prototype\Animation\Animation</Filter>
    </ClCompile>
    <ClCompile Include="HelperSpriteCreator.cpp">
      <Filter>EditorCore\Helpers\PixmapCreator</Filter>
    </ClCompile>
    <ClCompile Include="ChoseColorDialog.cpp">
      <Filter>Database\Module\Prototype\Texture</Filter>
    </ClCompile>
    <ClCompile Include="DatabaseSectionAnimationAdditionPoint.cpp">
      <Filter>Database\Dialog\Sections\Animation\AnimationAdditionPoint</Filter>
    </ClCompile>
    <ClCompile Include="DatabaseModulePrototypeAnimationAdditionPoint.cpp">
      <Filter>Database\Module\Prototype\Animation\AnimationAdditionPoint</Filter>
    </ClCompile>
    <ClCompile Include="AnimationAdditionEditorScene.cpp">
      <Filter>Database\Module\Prototype\Animation\AnimationAddition</Filter>
    </ClCompile>
    <ClCompile Include="GraphicsCrossItem.cpp">
      <Filter>EditorCore\GraphicItems\CrossItem</Filter>
    </ClCompile>
    <ClCompile Include="AnimationModuleSelectedSprite.cpp">
      <Filter>Database\Module\Prototype\Animation\Modules\SelectedItem\SelectedSprite</Filter>
    </ClCompile>
    <ClCompile Include="AnimationModuleFrameNavigation.cpp">
      <Filter>Database\Module\Prototype\Animation\Modules\FrameNavigation</Filter>
    </ClCompile>
    <ClCompile Include="AnimationModuleSelectedItem.cpp">
      <Filter>Database\Module\Prototype\Animation\Modules\SelectedItem</Filter>
    </ClCompile>
    <ClCompile Include="AnimationModuleSelectedAddition.cpp">
      <Filter>Database\Module\Prototype\Animation\Modules\SelectedItem\SelectedAddition</Filter>
    </ClCompile>
    <ClCompile Include="AnimationModuleSelectedWidget.cpp">
      <Filter>Database\Module\Prototype\Animation\Modules\SelectedItem</Filter>
    </ClCompile>
    <ClCompile Include="AnimationEditorScene.cpp">
      <Filter>Database\Module\Prototype\Animation\Animation</Filter>
    </ClCompile>
    <ClCompile Include="AnimationEditorItem.cpp">
      <Filter>Database\Module\Prototype\Animation\Animation</Filter>
    </ClCompile>
  </ItemGroup>
  <ItemGroup>
    <compile_QT_Files Include="UI\MainWindow.ui">
      <Filter>EditorCore\MainWindow</Filter>
    </compile_QT_Files>
    <compile_QT_Files Include="UI\MapEditorDialogMapSettings.ui">
      <Filter>Map Editor\Dialogs\MapEditorDialogMapSettings</Filter>
    </compile_QT_Files>
    <compile_QT_Files Include="UI\MapEditorModuleContent.ui">
      <Filter>Map Editor\Modules\Content</Filter>
    </compile_QT_Files>
    <compile_QT_Files Include="UI\MapEditorModuleBrush.ui">
      <Filter>Map Editor\Modules\MappingMode\Brush</Filter>
    </compile_QT_Files>
    <compile_QT_Files Include="UI\MapEditorWidgetObjectMapping.ui">
      <Filter>Map Editor\Widgets\Tools\WorldObject</Filter>
    </compile_QT_Files>
    <compile_QT_Files Include="UI\MapEditorModuleScriptAreaMapping.ui">
      <Filter>Map Editor\Modules\MappingMode\ScriptArea</Filter>
    </compile_QT_Files>
    <compile_QT_Files Include="UI\DatabaseDialogResize.ui">
      <Filter>Database\Module\Resize</Filter>
    </compile_QT_Files>
    <compile_QT_Files Include="UI\DatabaseModulePrototypeBase.ui">
      <Filter>Database\Module\Prototype\Base</Filter>
    </compile_QT_Files>
    <compile_QT_Files Include="UI\DatabaseModulePrototypeResource.ui">
      <Filter>Database\Module\Prototype\Resource</Filter>
    </compile_QT_Files>
    <compile_QT_Files Include="UI\DatabaseModulePrototypeTexture.ui">
      <Filter>Database\Module\Prototype\Texture</Filter>
    </compile_QT_Files>
    <compile_QT_Files Include="UI\DatabaseModulePrototypeAutoTile.ui">
      <Filter>Database\Module\Prototype\Tile Section\AutoTile</Filter>
    </compile_QT_Files>
    <compile_QT_Files Include="UI\DatabaseModulePrototypeTileSet.ui">
      <Filter>Database\Module\Prototype\Tile Section\TileSet</Filter>
    </compile_QT_Files>
    <compile_QT_Files Include="UI\DatabaseModulePrototypeAnimationAddition.ui">
      <Filter>Database\Module\Prototype\Animation\AnimationAddition</Filter>
    </compile_QT_Files>
    <compile_QT_Files Include="UI\AnimationModuleSelectedSprite.ui">
      <Filter>Database\Module\Prototype\Animation\Modules\SelectedItem\SelectedSprite</Filter>
    </compile_QT_Files>
    <compile_QT_Files Include="UI\AnimationModuleFrameNavigation.ui">
      <Filter>Database\Module\Prototype\Animation\Modules\FrameNavigation</Filter>
    </compile_QT_Files>
    <compile_QT_Files Include="UI\DatabaseModulePrototypeAnimation.ui">
      <Filter>Database\Module\Prototype\Animation\Animation</Filter>
    </compile_QT_Files>
    <compile_QT_Files Include="UI\AnimationModuleSelectedItem.ui">
      <Filter>Database\Module\Prototype\Animation\Modules\SelectedItem</Filter>
    </compile_QT_Files>
    <compile_QT_Files Include="UI\AnimationModuleSelectedAddition.ui">
      <Filter>Database\Module\Prototype\Animation\Modules\SelectedItem\SelectedAddition</Filter>
    </compile_QT_Files>
  </ItemGroup>
  <ItemGroup>
    <CustomBuild Include="Project.h">
      <Filter>EditorCore</Filter>
    </CustomBuild>
  </ItemGroup>
  <ItemGroup>
    <moc_header Include="MainWindow.h">
      <Filter>EditorCore\MainWindow</Filter>
    </moc_header>
    <moc_header Include="AbstractPrototypeTable.h">
      <Filter>Map Editor\Modules\MappingMode\TileTabs</Filter>
    </moc_header>
    <moc_header Include="MapEditorDialogMapSettings.h">
      <Filter>Map Editor\Dialogs\MapEditorDialogMapSettings</Filter>
    </moc_header>
    <moc_header Include="MapEditorModuleContent.h">
      <Filter>Map Editor\Modules\Content</Filter>
    </moc_header>
    <moc_header Include="MapEditorModuleMapTree.h">
      <Filter>Map Editor\Modules\MapTree</Filter>
    </moc_header>
    <moc_header Include="MapEditorWidgetBrush.h">
      <Filter>Map Editor\Widgets\Tools\Brush</Filter>
    </moc_header>
    <moc_header Include="MapEditorModuleTileSelection.h">
      <Filter>Map Editor\Modules\MappingMode\TileTabs</Filter>
    </moc_header>
    <moc_header Include="MapEditorModuleBrush.h">
      <Filter>Map Editor\Modules\MappingMode\Brush</Filter>
    </moc_header>
    <moc_header Include="DeactivatedTabWidget.h">
      <Filter>EditorCore\DeactivatedTab</Filter>
    </moc_header>
    <moc_header Include="TileMappingMode.h">
      <Filter>Map Editor\Modules\MappingMode\MappingObject\MappingMode</Filter>
    </moc_header>
    <moc_header Include="MappingObject.h">
      <Filter>Map Editor\Modules\MappingMode\MappingObject</Filter>
    </moc_header>
    <moc_header Include="MapEditorWidgetEditor.h">
      <Filter>Map Editor\Widgets\MapEditor</Filter>
    </moc_header>
    <moc_header Include="MapEditorWidgetObjectMapping.h">
      <Filter>Map Editor\Widgets\Tools\WorldObject</Filter>
    </moc_header>
    <moc_header Include="ObjectMappingMode.h">
      <Filter>Map Editor\Modules\MappingMode\MappingObject\MappingMode\ObjectMapping</Filter>
    </moc_header>
    <moc_header Include="MapEditor.h">
      <Filter>Map Editor\Modules\Content</Filter>
    </moc_header>
    <moc_header Include="MapEditorModuleMappingMode.h">
      <Filter>Map Editor\Modules\MappingMode</Filter>
    </moc_header>
    <moc_header Include="ScriptAreaItem.h">
      <Filter>Map Editor\Modules\Content\Items</Filter>
    </moc_header>
    <moc_header Include="MapEditorModuleScriptArea.h" />
    <moc_header Include="MappingModeContextMenuAction.h" />
    <moc_header Include="MapEditorModuleTileSets.h">
      <Filter>Map Editor\Modules\MappingMode\TileTabs\Tiles</Filter>
    </moc_header>
    <moc_header Include="DatabaseDialog.h">
      <Filter>Database\Dialog</Filter>
    </moc_header>
    <moc_header Include="DatabaseModulePrototypeTile.h">
      <Filter>Database\Module\Prototype\Tile Section\Tile</Filter>
    </moc_header>
    <moc_header Include="DatabaseModuleResize.h">
      <Filter>Database\Module\Resize</Filter>
    </moc_header>
    <moc_header Include="DatabaseModuleList.h">
      <Filter>Database\Module\List</Filter>
    </moc_header>
    <moc_header Include="DatabaseSectionTile.h">
      <Filter>Database\Dialog\Sections\Tile Section\Tiles</Filter>
    </moc_header>
    <moc_header Include="TooltipList.h">
      <Filter>EditorCore\TooltipList</Filter>
    </moc_header>
    <moc_header Include="DatabaseSectionSprite.h">
      <Filter>Database\Dialog\Sections\Animation\Sprite</Filter>
    </moc_header>
    <moc_header Include="AnimationAdditionEditorScene.h">
      <Filter>Database\Module\Prototype\Animation\AnimationAddition</Filter>
    </moc_header>
  </ItemGroup>
  <ItemGroup>
    <ClInclude Include="resource.h" />
    <ClInclude Include="TexturePrototypeFrame.h">
      <Filter>EditorCore</Filter>
    </ClInclude>
    <ClInclude Include="MapEditorModuleTiles.h">
      <Filter>Map Editor\Modules\MappingMode\TileTabs\Tiles</Filter>
    </ClInclude>
    <ClInclude Include="GraphicsTextureItem.h">
      <Filter>EditorCore\GraphicsSpriteItem</Filter>
    </ClInclude>
    <ClInclude Include="MapEditorModuleWorldObjects.h">
      <Filter>Map Editor\Modules\MappingMode\WorldObject</Filter>
    </ClInclude>
    <ClInclude Include="MappingModeInterface.h">
      <Filter>Map Editor\Modules\MappingMode\MappingObject\MappingMode</Filter>
    </ClInclude>
    <ClInclude Include="PresentationMappingMode.h">
      <Filter>Map Editor\Modules\MappingMode\MappingObject\MappingMode</Filter>
    </ClInclude>
    <ClInclude Include="ToolWidget.h">
      <Filter>Map Editor\Widgets\Tools</Filter>
    </ClInclude>
    <ClInclude Include="ObjectMappingRevert.h">
      <Filter>Map Editor\Modules\MappingMode\MappingObject\MappingMode\ObjectMapping\Revert</Filter>
    </ClInclude>
    <ClInclude Include="MapEditorScene.h">
      <Filter>Map Editor\Modules\Content</Filter>
    </ClInclude>
    <ClInclude Include="ScriptAreaMappingMode.h">
      <Filter>Map Editor\Modules\MappingMode\MappingObject\MappingMode\ScriptAreaMapping</Filter>
    </ClInclude>
    <ClInclude Include="WorldObjectItem.h">
      <Filter>Map Editor\Modules\Content\Items</Filter>
    </ClInclude>
    <ClInclude Include="EditorGlobal.h">
      <Filter>EditorCore</Filter>
    </ClInclude>
    <ClInclude Include="ScriptAreaMappingRevert.h">
      <Filter>Map Editor\Modules\MappingMode\MappingObject\MappingMode\ScriptAreaMapping\Revert</Filter>
    </ClInclude>
    <ClInclude Include="DatabaseModel.h">
      <Filter>EditorCore\DatabaseModel</Filter>
    </ClInclude>
    <ClInclude Include="DatabaseModulePrototypeBase.h">
      <Filter>Database\Module\Prototype\Base</Filter>
    </ClInclude>
    <ClInclude Include="DatabaseModulePrototypeResource.h">
      <Filter>Database\Module\Prototype\Resource</Filter>
    </ClInclude>
    <ClInclude Include="DatabaseModulePrototypeTexture.h">
      <Filter>Database\Module\Prototype\Texture</Filter>
    </ClInclude>
    <ClInclude Include="DatabaseSectionBase.h">
      <Filter>Database\Dialog\Sections\Base</Filter>
    </ClInclude>
    <ClInclude Include="DatabaseModulePrototypeInterface.h">
      <Filter>Database\Module\Prototype</Filter>
    </ClInclude>
    <ClInclude Include="DatabaseModuleMassImport.h">
      <Filter>Database\Module\MassImport</Filter>
    </ClInclude>
    <ClInclude Include="DatabaseSectionAutoTile.h">
      <Filter>Database\Dialog\Sections\Tile Section\AutoTiles</Filter>
    </ClInclude>
    <ClInclude Include="DatabaseModulePrototypeAutoTile.h">
      <Filter>Database\Module\Prototype\Tile Section\AutoTile</Filter>
    </ClInclude>
    <ClInclude Include="TileDropWidget.h">
      <Filter>EditorCore\TileDropWidget</Filter>
    </ClInclude>
    <ClInclude Include="HelperCreatorInterface.h">
      <Filter>EditorCore\Helpers\PixmapCreator</Filter>
    </ClInclude>
    <ClInclude Include="HelperTileCreator.h">
      <Filter>EditorCore\Helpers\PixmapCreator</Filter>
    </ClInclude>
    <ClInclude Include="PrototypeTooltipList.h">
      <Filter>EditorCore\TooltipList</Filter>
    </ClInclude>
    <ClInclude Include="DatabaseSectionTileSet.h">
      <Filter>Database\Dialog\Sections\Tile Section\TileSet</Filter>
    </ClInclude>
    <ClInclude Include="DatabaseModulePrototypeTileSet.h">
      <Filter>Database\Module\Prototype\Tile Section\TileSet</Filter>
    </ClInclude>
    <ClInclude Include="DatabaseSectionInterface.h">
      <Filter>Database\Dialog\Sections\Base</Filter>
    </ClInclude>
    <ClInclude Include="DatabaseModulePrototypeSprite.h">
      <Filter>Database\Module\Prototype\Animation\Sprite</Filter>
    </ClInclude>
    <ClInclude Include="DatabaseModulePrototypeAnimationAdditionType.h">
      <Filter>Database\Module\Prototype\Animation\AnimationAdditionType</Filter>
    </ClInclude>
    <ClInclude Include="DatabaseSectionAnimationAdditionType.h">
      <Filter>Database\Dialog\Sections\Animation\AnimationAdditionType</Filter>
    </ClInclude>
    <ClInclude Include="DatabaseSectionAnimation.h">
      <Filter>Database\Dialog\Sections\Animation\Animation</Filter>
    </ClInclude>
    <ClInclude Include="DatabaseModulePrototypeAnimationAddition.h">
      <Filter>Database\Module\Prototype\Animation\AnimationAddition</Filter>
    </ClInclude>
    <ClInclude Include="DatabaseModulePrototypeAnimation.h">
      <Filter>Database\Module\Prototype\Animation\Animation</Filter>
    </ClInclude>
    <ClInclude Include="HelperSpriteCreator.h">
      <Filter>EditorCore\Helpers\PixmapCreator</Filter>
    </ClInclude>
    <ClInclude Include="ChoseColorDialog.h">
      <Filter>Database\Module\Prototype\Texture</Filter>
    </ClInclude>
    <ClInclude Include="DatabaseSectionAnimationAdditionPoint.h">
      <Filter>Database\Dialog\Sections\Animation\AnimationAdditionPoint</Filter>
    </ClInclude>
    <ClInclude Include="DatabaseModulePrototypeAnimationAdditionPoint.h">
      <Filter>Database\Module\Prototype\Animation\AnimationAdditionPoint</Filter>
    </ClInclude>
    <ClInclude Include="ModuleSelectedSprite.h">
      <Filter>Database\Module\Prototype\Animation\Modules\SelectedItem\SelectedSprite</Filter>
    </ClInclude>
    <ClInclude Include="GraphicsCrossItem.h">
      <Filter>EditorCore\GraphicItems\CrossItem</Filter>
    </ClInclude>
    <ClInclude Include="AnimationModuleFrameNavigation.h">
      <Filter>Database\Module\Prototype\Animation\Modules\FrameNavigation</Filter>
    </ClInclude>
    <ClInclude Include="AnimationModuleSelectedItem.h">
      <Filter>Database\Module\Prototype\Animation\Modules\SelectedItem</Filter>
    </ClInclude>
    <ClInclude Include="AnimationModuleSelectedAddition.h">
      <Filter>Database\Module\Prototype\Animation\Modules\SelectedItem\SelectedAddition</Filter>
    </ClInclude>
    <ClInclude Include="AnimationModuleSelectedWidget.h">
      <Filter>Database\Module\Prototype\Animation\Modules\SelectedItem</Filter>
    </ClInclude>
    <ClInclude Include="AnimationEditorScene.h">
      <Filter>Database\Module\Prototype\Animation\Animation</Filter>
    </ClInclude>
    <ClInclude Include="AnimationEditorItem.h">
      <Filter>Database\Module\Prototype\Animation\Animation</Filter>
    </ClInclude>
  </ItemGroup>
  <ItemGroup>
    <ResourceCompile Include="GameEditor.rc" />
  </ItemGroup>
  <ItemGroup>
    <Image Include="icon-clean-32x32.ico" />
  </ItemGroup>
</Project>