<?xml version="1.0" encoding="utf-8"?>
<Project ToolsVersion="4.0" xmlns="http://schemas.microsoft.com/developer/msbuild/2003">
  <ItemGroup>
    <Filter Include="Database">
      <UniqueIdentifier>{1ab761ae-7a2a-4e47-9937-134847639fd2}</UniqueIdentifier>
    </Filter>
    <Filter Include="EditorCore">
      <UniqueIdentifier>{b46099a1-d6ec-435a-8490-084e174b952f}</UniqueIdentifier>
    </Filter>
    <Filter Include="Database\Modules">
      <UniqueIdentifier>{e69411a4-dfd2-429e-951e-74e64e56fec9}</UniqueIdentifier>
    </Filter>
    <Filter Include="Database\Dialogs">
      <UniqueIdentifier>{ae738db1-5e56-47db-969a-81863756b324}</UniqueIdentifier>
    </Filter>
    <Filter Include="Database\Widgets">
      <UniqueIdentifier>{3af4b94b-e926-46fe-8356-b67be6f50a3f}</UniqueIdentifier>
    </Filter>
    <Filter Include="Database\Dialogs\Resize">
      <UniqueIdentifier>{125fb896-75d0-41e5-96ac-cf0660fbd310}</UniqueIdentifier>
    </Filter>
    <Filter Include="Database\Modules\List">
      <UniqueIdentifier>{fbf6a93d-bbc8-47a1-9335-807b8530da9c}</UniqueIdentifier>
    </Filter>
    <Filter Include="Database\Widgets\Localisation">
      <UniqueIdentifier>{a0fa789c-29ca-49da-bfb9-f2b114e0188c}</UniqueIdentifier>
    </Filter>
    <Filter Include="Database\Widgets\TileSet">
      <UniqueIdentifier>{e7be3c13-129d-4ff5-80e1-2beb0dfdd99b}</UniqueIdentifier>
    </Filter>
    <Filter Include="Database\Widgets\Resources">
      <UniqueIdentifier>{737ab91d-8733-43c1-a4bb-0730df6a8752}</UniqueIdentifier>
    </Filter>
    <Filter Include="Database\Modules\Resource">
      <UniqueIdentifier>{a672485d-ad29-4f1b-aa9c-6eaf954ecf92}</UniqueIdentifier>
    </Filter>
    <Filter Include="Database\Widgets\Resources\Texture">
      <UniqueIdentifier>{2110c6c0-727c-4def-a317-0a2d371af565}</UniqueIdentifier>
    </Filter>
    <Filter Include="Database\Widgets\Resources\Texture\Sprites">
      <UniqueIdentifier>{5314f60b-ca65-40bb-ac2e-99797fb92bf5}</UniqueIdentifier>
    </Filter>
    <Filter Include="Database\Modules\Resource\Texture">
      <UniqueIdentifier>{c3358bf6-0c32-4125-b345-a17e5051f14a}</UniqueIdentifier>
    </Filter>
    <Filter Include="Database\Widgets\Resources\Texture\Tile">
      <UniqueIdentifier>{b20bc60d-25f5-4013-b069-cd205879df1f}</UniqueIdentifier>
    </Filter>
    <Filter Include="Database\Widgets\Animation">
      <UniqueIdentifier>{193cd3fb-1d03-4902-8b29-709694b364e9}</UniqueIdentifier>
    </Filter>
    <Filter Include="Database\Widgets\Animation\AnimationType">
      <UniqueIdentifier>{16dc901f-34a4-44a1-a5f1-4f5fe630b2ea}</UniqueIdentifier>
    </Filter>
    <Filter Include="Database\Modules\TileSet">
      <UniqueIdentifier>{95380060-38ff-4e26-bb82-04483e16a958}</UniqueIdentifier>
    </Filter>
    <Filter Include="Database\Modules\DragDrop">
      <UniqueIdentifier>{2c099fc3-a20a-45ae-8586-e608e70363ea}</UniqueIdentifier>
    </Filter>
    <Filter Include="Database\Modules\Animation">
      <UniqueIdentifier>{ee787e78-d774-4f6b-807b-bddbbd084cf4}</UniqueIdentifier>
    </Filter>
    <Filter Include="Database\Modules\Animation\AnimationViewer">
      <UniqueIdentifier>{a70b866a-d8d7-468f-b3f9-49fb0838b1cc}</UniqueIdentifier>
    </Filter>
    <Filter Include="Database\Widgets\AutoTile">
      <UniqueIdentifier>{52eda0ea-dfe1-4763-95e4-96756363f84b}</UniqueIdentifier>
    </Filter>
    <Filter Include="Database\Modules\AutoTile">
      <UniqueIdentifier>{f781df96-9b35-4439-9b88-d6fdf2f53eec}</UniqueIdentifier>
    </Filter>
    <Filter Include="Database\Modules\Localisation">
      <UniqueIdentifier>{ac4c61ea-7028-49bc-83f6-64fc7b497b1b}</UniqueIdentifier>
    </Filter>
    <Filter Include="Map Editor">
      <UniqueIdentifier>{11e42f6e-fc88-4336-aabe-5b95f90ce14e}</UniqueIdentifier>
    </Filter>
    <Filter Include="Map Editor\Modules">
      <UniqueIdentifier>{79f2339d-1af3-4676-bcc8-735828510f43}</UniqueIdentifier>
    </Filter>
    <Filter Include="Map Editor\Modules\TileTabs">
      <UniqueIdentifier>{bad4bb08-2a1d-4fee-ab55-9f24e987469a}</UniqueIdentifier>
    </Filter>
    <Filter Include="Map Editor\Modules\TileTabs\Tiles">
      <UniqueIdentifier>{03aa08c8-2b2f-4fbb-bccb-b1acd26492bf}</UniqueIdentifier>
    </Filter>
    <Filter Include="Map Editor\Modules\MapTree">
      <UniqueIdentifier>{30ee0638-634d-445b-951b-7f2f330bd35e}</UniqueIdentifier>
    </Filter>
    <Filter Include="Map Editor\Modules\Content">
      <UniqueIdentifier>{ce08afaa-fce3-4c3a-a217-3413bbc55b18}</UniqueIdentifier>
    </Filter>
    <Filter Include="Map Editor\Dialogs">
      <UniqueIdentifier>{8b227f75-d351-4d7c-ba05-8753a9a480dd}</UniqueIdentifier>
    </Filter>
    <Filter Include="Map Editor\Dialogs\MapEditorDialogMapSettings">
      <UniqueIdentifier>{5f85fa1e-3c62-42e0-92b4-8f2f9bdaa427}</UniqueIdentifier>
    </Filter>
    <Filter Include="EditorCore\GraphicsSpriteItem">
      <UniqueIdentifier>{fd3dee09-aa14-40a4-9620-dfa1fc68f21a}</UniqueIdentifier>
    </Filter>
    <Filter Include="Map Editor\Widgets">
      <UniqueIdentifier>{b9456fbd-31bc-4a86-8448-dd67e235a12a}</UniqueIdentifier>
    </Filter>
    <Filter Include="Map Editor\Modules\Brush">
      <UniqueIdentifier>{3df57d72-18f0-4b1c-96db-af0c1afedba2}</UniqueIdentifier>
    </Filter>
    <Filter Include="Map Editor\Widgets\Brush">
      <UniqueIdentifier>{e558ed2b-bf3d-4d95-ae22-bb9d7ddb7e5b}</UniqueIdentifier>
    </Filter>
    <Filter Include="Map Editor\Modules\ObjectSelection">
      <UniqueIdentifier>{ee79f19d-d553-4603-92ab-bc4e9aaec55c}</UniqueIdentifier>
    </Filter>
    <Filter Include="Map Editor\Widgets\MapEditor">
      <UniqueIdentifier>{ad64a3f6-1f23-4ed4-a90c-b17b231c793a}</UniqueIdentifier>
    </Filter>
    <Filter Include="EditorCore\DatabaseModel">
      <UniqueIdentifier>{fdb631f8-7510-4675-a444-b70f58c2eadb}</UniqueIdentifier>
    </Filter>
    <Filter Include="Database\Widgets\WorldObject">
      <UniqueIdentifier>{6faefc3c-020e-4f1a-b074-8e6940869196}</UniqueIdentifier>
    </Filter>
    <Filter Include="EditorCore\MainWindow">
      <UniqueIdentifier>{1a1fddbb-68fc-464a-9955-32bdc1d0cb79}</UniqueIdentifier>
    </Filter>
    <Filter Include="Database\Dialogs\ChoseColor">
      <UniqueIdentifier>{1afd9a2d-0c9e-48d1-a765-e5ad166928a9}</UniqueIdentifier>
    </Filter>
    <Filter Include="Database\Modules\VisualViewer">
      <UniqueIdentifier>{7b5280e2-66f5-4030-a79a-62de5c44e968}</UniqueIdentifier>
    </Filter>
    <Filter Include="Database\Modules\WorldObject">
      <UniqueIdentifier>{2e619a1c-424f-4fdb-8b3c-555f177389ab}</UniqueIdentifier>
    </Filter>
    <Filter Include="Database\Modules\DeactivatedTab">
      <UniqueIdentifier>{cc76231e-7461-484b-8e76-67935d0c650c}</UniqueIdentifier>
    </Filter>
  </ItemGroup>
  <ItemGroup>
    <ClCompile Include="MainWindow.cpp">
      <Filter>EditorCore\MainWindow</Filter>
    </ClCompile>
    <ClCompile Include="main.cpp">
      <Filter>EditorCore</Filter>
    </ClCompile>
    <ClCompile Include="Project.cpp">
      <Filter>EditorCore</Filter>
    </ClCompile>
    <ClCompile Include="DatabaseWidgetLocalisation.cpp">
      <Filter>Database\Widgets\Localisation</Filter>
    </ClCompile>
    <ClCompile Include="DatabaseWidgetTileSet.cpp">
      <Filter>Database\Widgets\TileSet</Filter>
    </ClCompile>
    <ClCompile Include="DatabaseWidgetSprite.cpp">
      <Filter>Database\Widgets\Resources\Texture\Sprites</Filter>
    </ClCompile>
    <ClCompile Include="DatabaseWindow.cpp">
      <Filter>Database</Filter>
    </ClCompile>
    <ClCompile Include="DatabaseDialogResize.cpp">
      <Filter>Database\Dialogs\Resize</Filter>
    </ClCompile>
    <ClCompile Include="DatabaseWidgetBase.cpp">
      <Filter>Database\Widgets</Filter>
    </ClCompile>
    <ClCompile Include="DatabaseModuleList.cpp">
      <Filter>Database\Modules\List</Filter>
    </ClCompile>
    <ClCompile Include="DatabaseModuleTexture.cpp">
      <Filter>Database\Modules\Resource\Texture</Filter>
    </ClCompile>
    <ClCompile Include="DatabaseModuleResource.cpp">
      <Filter>Database\Modules\Resource</Filter>
    </ClCompile>
    <ClCompile Include="DatabaseWidgetTexture.cpp">
      <Filter>Database\Widgets\Resources\Texture</Filter>
    </ClCompile>
    <ClCompile Include="DatabaseWidgetTile.cpp">
      <Filter>Database\Widgets\Resources\Texture\Tile</Filter>
    </ClCompile>
    <ClCompile Include="DatabaseWidgetRessource.cpp">
      <Filter>Database\Widgets\Resources</Filter>
    </ClCompile>
    <ClCompile Include="DatabaseWidgetAnimationType.cpp">
      <Filter>Database\Widgets\Animation\AnimationType</Filter>
    </ClCompile>
    <ClCompile Include="DatabaseModuleTileSet.cpp">
      <Filter>Database\Modules\TileSet</Filter>
    </ClCompile>
    <ClCompile Include="DatabaseModuleDragDrop.cpp">
      <Filter>Database\Modules\DragDrop</Filter>
    </ClCompile>
    <ClCompile Include="DatabaseModuleAnimation.cpp">
      <Filter>Database\Modules\Animation</Filter>
    </ClCompile>
    <ClCompile Include="DatabaseWidgetAnimation.cpp">
      <Filter>Database\Widgets\Animation</Filter>
    </ClCompile>
    <ClCompile Include="AnimationViewer.cpp">
      <Filter>Database\Modules\Animation\AnimationViewer</Filter>
    </ClCompile>
    <ClCompile Include="DatabaseWidgetAutoTile.cpp">
      <Filter>Database\Widgets\AutoTile</Filter>
    </ClCompile>
    <ClCompile Include="DatabaseModuleAutoTile.cpp">
      <Filter>Database\Modules\AutoTile</Filter>
    </ClCompile>
    <ClCompile Include="DatabaseModuleLocalisation.cpp">
      <Filter>Database\Modules\Localisation</Filter>
    </ClCompile>
    <ClCompile Include="MapEditorModuleTiles.cpp">
      <Filter>Map Editor\Modules\TileTabs\Tiles</Filter>
    </ClCompile>
    <ClCompile Include="TexturePrototypeFrame.cpp">
      <Filter>EditorCore</Filter>
    </ClCompile>
    <ClCompile Include="AbstractPrototypeTable.cpp">
      <Filter>Map Editor\Modules\TileTabs</Filter>
    </ClCompile>
    <ClCompile Include="MapEditorModuleTileSets.cpp">
      <Filter>Map Editor\Modules\TileTabs</Filter>
    </ClCompile>
    <ClCompile Include="MapEditorDialogMapSettings.cpp">
      <Filter>Map Editor\Dialogs\MapEditorDialogMapSettings</Filter>
    </ClCompile>
    <ClCompile Include="MapEditorModuleContent.cpp">
      <Filter>Map Editor\Modules\Content</Filter>
    </ClCompile>
    <ClCompile Include="MapEditorModuleMapTree.cpp">
      <Filter>Map Editor\Modules\MapTree</Filter>
    </ClCompile>
    <ClCompile Include="MapViewer.cpp">
      <Filter>Map Editor\Modules\Content</Filter>
    </ClCompile>
    <ClCompile Include="GraphicsTextureItem.cpp">
      <Filter>EditorCore\GraphicsSpriteItem</Filter>
    </ClCompile>
    <ClCompile Include="MapEditorWidgetBrush.cpp">
      <Filter>Map Editor\Widgets\Brush</Filter>
    </ClCompile>
    <ClCompile Include="MapEditorModuleBrush.cpp">
      <Filter>Map Editor\Modules\Brush</Filter>
    </ClCompile>
    <ClCompile Include="MapEditorModuleTileSelection.cpp">
      <Filter>Map Editor\Modules\TileTabs</Filter>
    </ClCompile>
    <ClCompile Include="MapEditorModuleWorldObjects.cpp">
      <Filter>Map Editor\Modules\ObjectSelection</Filter>
    </ClCompile>
    <ClCompile Include="MapEditorWidgetEditor.cpp">
      <Filter>Map Editor\Widgets\MapEditor</Filter>
    </ClCompile>
    <ClCompile Include="DatabaseModel.cpp">
      <Filter>EditorCore\DatabaseModel</Filter>
    </ClCompile>
    <ClCompile Include="DatabaseWidgetWorldObject.cpp">
      <Filter>Database\Widgets\WorldObject</Filter>
    </ClCompile>
    <ClCompile Include="DatabaseDialogChoseColor.cpp">
      <Filter>Database\Dialogs\ChoseColor</Filter>
    </ClCompile>
    <ClCompile Include="DatabaseModuleVisualViewer.cpp">
      <Filter>Database\Modules\VisualViewer</Filter>
    </ClCompile>
    <ClCompile Include="DatabaseModuleWorldObjectAnimation.cpp">
      <Filter>Database\Modules\WorldObject</Filter>
    </ClCompile>
    <ClCompile Include="DeactivatedTabWidget.cpp">
      <Filter>Database\Modules\DeactivatedTab</Filter>
    </ClCompile>
  </ItemGroup>
  <ItemGroup>
    <compile_QT_Files Include="UI\MainWindow.ui">
      <Filter>EditorCore\MainWindow</Filter>
    </compile_QT_Files>
    <compile_QT_Files Include="UI\DatabaseModuleTileSet.ui">
      <Filter>Database\Widgets\TileSet</Filter>
    </compile_QT_Files>
    <compile_QT_Files Include="UI\Database.ui">
      <Filter>Database</Filter>
    </compile_QT_Files>
    <compile_QT_Files Include="UI\DatabaseDialogResize.ui">
      <Filter>Database\Dialogs\Resize</Filter>
    </compile_QT_Files>
    <compile_QT_Files Include="UI\DatabaseModuleList.ui">
      <Filter>Database\Modules\List</Filter>
    </compile_QT_Files>
    <compile_QT_Files Include="UI\DatabaseModuleResource.ui">
      <Filter>Database\Modules\Resource</Filter>
    </compile_QT_Files>
    <compile_QT_Files Include="UI\DatabaseModuleTexture.ui">
      <Filter>Database\Modules\Resource\Texture</Filter>
    </compile_QT_Files>
    <compile_QT_Files Include="UI\DatabaseModuleAnimation.ui">
      <Filter>Database\Modules\Animation</Filter>
    </compile_QT_Files>
    <compile_QT_Files Include="UI\DatabaseModuleAutoTile.ui">
      <Filter>Database\Modules\AutoTile</Filter>
    </compile_QT_Files>
    <compile_QT_Files Include="UI\DatabaseModuleLocalisation.ui">
      <Filter>Database\Modules\Localisation</Filter>
    </compile_QT_Files>
    <compile_QT_Files Include="UI\MapEditorDialogMapSettings.ui">
      <Filter>Map Editor\Dialogs\MapEditorDialogMapSettings</Filter>
    </compile_QT_Files>
    <compile_QT_Files Include="UI\MapEditorModuleContent.ui">
      <Filter>Map Editor\Modules\Content</Filter>
    </compile_QT_Files>
    <compile_QT_Files Include="UI\MapEditorModuleBrush.ui">
      <Filter>Map Editor\Modules\Brush</Filter>
    </compile_QT_Files>
  </ItemGroup>
  <ItemGroup>
    <CustomBuild Include="Project.h">
      <Filter>EditorCore</Filter>
    </CustomBuild>
  </ItemGroup>
  <ItemGroup>
    <moc_header Include="MainWindow.h">
      <Filter>EditorCore\MainWindow</Filter>
    </moc_header>
    <moc_header Include="DatabaseWindow.h">
      <Filter>Database</Filter>
    </moc_header>
    <moc_header Include="DatabaseDialogResize.h">
      <Filter>Database\Dialogs\Resize</Filter>
    </moc_header>
    <moc_header Include="DatabaseModuleList.h">
      <Filter>Database\Modules\List</Filter>
    </moc_header>
    <moc_header Include="DatabaseWidgetBase.h">
      <Filter>Database\Widgets</Filter>
    </moc_header>
    <moc_header Include="DatabaseWidgetTexture.h">
      <Filter>Database\Widgets\Resources\Texture</Filter>
    </moc_header>
    <moc_header Include="DatabaseModuleTexture.h">
      <Filter>Database\Modules\Resource\Texture</Filter>
    </moc_header>
    <moc_header Include="DatabaseWidgetTile.h">
      <Filter>Database\Widgets\Resources\Texture\Tile</Filter>
    </moc_header>
    <moc_header Include="DatabaseWidgetRessource.h">
      <Filter>Database\Widgets\Resources</Filter>
    </moc_header>
    <moc_header Include="DatabaseModuleTileSet.h">
      <Filter>Database\Modules\TileSet</Filter>
    </moc_header>
    <moc_header Include="DatabaseModuleDragDrop.h">
      <Filter>Database\Modules\DragDrop</Filter>
    </moc_header>
    <moc_header Include="DatabaseModuleAnimation.h">
      <Filter>Database\Modules\Animation</Filter>
    </moc_header>
    <moc_header Include="AnimationViewer.h">
      <Filter>Database\Modules\Animation\AnimationViewer</Filter>
    </moc_header>
    <moc_header Include="AbstractPrototypeTable.h">
      <Filter>Map Editor\Modules\TileTabs</Filter>
    </moc_header>
    <moc_header Include="MapEditorDialogMapSettings.h">
      <Filter>Map Editor\Dialogs\MapEditorDialogMapSettings</Filter>
    </moc_header>
    <moc_header Include="MapEditorModuleContent.h">
      <Filter>Map Editor\Modules\Content</Filter>
    </moc_header>
    <moc_header Include="MapEditorModuleMapTree.h">
      <Filter>Map Editor\Modules\MapTree</Filter>
    </moc_header>
    <moc_header Include="MapEditorWidgetBrush.h">
      <Filter>Map Editor\Widgets\Brush</Filter>
    </moc_header>
    <moc_header Include="MapEditorModuleTileSets.h">
      <Filter>Map Editor\Modules\TileTabs</Filter>
    </moc_header>
    <moc_header Include="MapEditorModuleTileSelection.h">
      <Filter>Map Editor\Modules\TileTabs</Filter>
    </moc_header>
    <moc_header Include="MapEditorModuleBrush.h">
      <Filter>Map Editor\Modules\Brush</Filter>
    </moc_header>
    <moc_header Include="MapViewer.h">
      <Filter>Map Editor\Modules\Content</Filter>
    </moc_header>
    <moc_header Include="MapEditorWidgetEditor.h">
      <Filter>Map Editor\Widgets\MapEditor</Filter>
    </moc_header>
    <moc_header Include="DatabaseWidgetWorldObject.h">
      <Filter>Database\Widgets\WorldObject</Filter>
    </moc_header>
    <moc_header Include="DatabaseModuleVisualViewer.h">
      <Filter>Database\Modules\VisualViewer</Filter>
    </moc_header>
    <moc_header Include="DatabaseModuleWorldObjectAnimation.h">
      <Filter>Database\Modules\WorldObject</Filter>
    </moc_header>
  </ItemGroup>
  <ItemGroup>
    <ClInclude Include="resource.h" />
    <ClInclude Include="DatabaseWidgetLocalisation.h">
      <Filter>Database\Widgets\Localisation</Filter>
    </ClInclude>
    <ClInclude Include="DatabaseWidgetTileSet.h">
      <Filter>Database\Widgets\TileSet</Filter>
    </ClInclude>
    <ClInclude Include="DatabaseWidgetSprite.h">
      <Filter>Database\Widgets\Resources\Texture\Sprites</Filter>
    </ClInclude>
    <ClInclude Include="DatabaseModuleResource.h">
      <Filter>Database\Modules\Resource</Filter>
    </ClInclude>
    <ClInclude Include="DatabaseWidgetAnimationType.h">
      <Filter>Database\Widgets\Animation\AnimationType</Filter>
    </ClInclude>
    <ClInclude Include="DatabaseWidgetAnimation.h">
      <Filter>Database\Widgets\Animation</Filter>
    </ClInclude>
    <ClInclude Include="DatabaseWidgetAutoTile.h">
      <Filter>Database\Widgets\AutoTile</Filter>
    </ClInclude>
    <ClInclude Include="DatabaseModuleAutoTile.h">
      <Filter>Database\Modules\AutoTile</Filter>
    </ClInclude>
    <ClInclude Include="DatabaseModuleLocalisation.h">
      <Filter>Database\Modules\Localisation</Filter>
    </ClInclude>
    <ClInclude Include="TexturePrototypeFrame.h">
      <Filter>EditorCore</Filter>
    </ClInclude>
    <ClInclude Include="MapEditorModuleTiles.h">
      <Filter>Map Editor\Modules\TileTabs\Tiles</Filter>
    </ClInclude>
    <ClInclude Include="GraphicsTextureItem.h">
      <Filter>EditorCore\GraphicsSpriteItem</Filter>
    </ClInclude>
    <ClInclude Include="MapEditorModuleWorldObjects.h">
      <Filter>Map Editor\Modules\ObjectSelection</Filter>
    </ClInclude>
    <ClInclude Include="DatabaseModel.h">
      <Filter>EditorCore\DatabaseModel</Filter>
    </ClInclude>
    <ClInclude Include="DatabaseDialogChoseColor.h">
      <Filter>Database\Dialogs\ChoseColor</Filter>
    </ClInclude>
    <ClInclude Include="DeactivatedTabWidget.h">
      <Filter>Database\Modules\DeactivatedTab</Filter>
    </ClInclude>
  </ItemGroup>
  <ItemGroup>
    <ResourceCompile Include="GameEditor.rc" />
  </ItemGroup>
  <ItemGroup>
    <Image Include="icon-clean-32x32.ico" />
  </ItemGroup>
</Project>